
Microsoft Visual Studio Solution File, Format Version 12.00
# Visual Studio Version 17
VisualStudioVersion = 17.3.32505.426
MinimumVisualStudioVersion = 10.0.40219.1
Project("{FAE04EC0-301F-11D3-BF4B-00C04F79EFBC}") = "Rn.NetCore.MailUtils", "Rn.NetCore.MailUtils\Rn.NetCore.MailUtils.csproj", "{A10B3140-192C-4314-864D-137C03A87358}"
EndProject
Project("{FAE04EC0-301F-11D3-BF4B-00C04F79EFBC}") = "Rn.NetCore.MailUtils.T1.Tests", "..\test\Rn.NetCore.MailUtils.T1.Tests\Rn.NetCore.MailUtils.T1.Tests.csproj", "{259B73EA-F8FD-4688-8020-C5D95EA3140C}"
EndProject
Global
	GlobalSection(SolutionConfigurationPlatforms) = preSolution
		Debug|Any CPU = Debug|Any CPU
		Release|Any CPU = Release|Any CPU
	EndGlobalSection
	GlobalSection(ProjectConfigurationPlatforms) = postSolution
		{A10B3140-192C-4314-864D-137C03A87358}.Debug|Any CPU.ActiveCfg = Debug|Any CPU
		{A10B3140-192C-4314-864D-137C03A87358}.Debug|Any CPU.Build.0 = Debug|Any CPU
		{A10B3140-192C-4314-864D-137C03A87358}.Release|Any CPU.ActiveCfg = Release|Any CPU
		{A10B3140-192C-4314-864D-137C03A87358}.Release|Any CPU.Build.0 = Release|Any CPU
		{259B73EA-F8FD-4688-8020-C5D95EA3140C}.Debug|Any CPU.ActiveCfg = Debug|Any CPU
		{259B73EA-F8FD-4688-8020-C5D95EA3140C}.Debug|Any CPU.Build.0 = Debug|Any CPU
		{259B73EA-F8FD-4688-8020-C5D95EA3140C}.Release|Any CPU.ActiveCfg = Release|Any CPU
		{259B73EA-F8FD-4688-8020-C5D95EA3140C}.Release|Any CPU.Build.0 = Release|Any CPU
	EndGlobalSection
	GlobalSection(SolutionProperties) = preSolution
		HideSolutionNode = FALSE
	EndGlobalSection
	GlobalSection(ExtensibilityGlobals) = postSolution
		SolutionGuid = {BD4E3C3C-E2B5-42BC-A3EF-28CFAF0C1928}
	EndGlobalSection
EndGlobal
